
Microsoft Visual Studio Solution File, Format Version 12.00
# Visual Studio Version 16
VisualStudioVersion = 16.0.31105.61
MinimumVisualStudioVersion = 10.0.40219.1
Project("{FAE04EC0-301F-11D3-BF4B-00C04F79EFBC}") = "EvaluadorDeRestaurante", "EvaluadorDeRestaurante\EvaluadorDeRestaurante.csproj", "{82392F35-28D3-4FEA-A2A6-6EA8360DB842}"
EndProject
Global
	GlobalSection(SolutionConfigurationPlatforms) = preSolution
		Debug|Any CPU = Debug|Any CPU
		Release|Any CPU = Release|Any CPU
	EndGlobalSection
	GlobalSection(ProjectConfigurationPlatforms) = postSolution
		{82392F35-28D3-4FEA-A2A6-6EA8360DB842}.Debug|Any CPU.ActiveCfg = Debug|Any CPU
		{82392F35-28D3-4FEA-A2A6-6EA8360DB842}.Debug|Any CPU.Build.0 = Debug|Any CPU
		{82392F35-28D3-4FEA-A2A6-6EA8360DB842}.Release|Any CPU.ActiveCfg = Release|Any CPU
		{82392F35-28D3-4FEA-A2A6-6EA8360DB842}.Release|Any CPU.Build.0 = Release|Any CPU
	EndGlobalSection
	GlobalSection(SolutionProperties) = preSolution
		HideSolutionNode = FALSE
	EndGlobalSection
	GlobalSection(ExtensibilityGlobals) = postSolution
		SolutionGuid = {96D0BCB2-3C6E-42D9-8948-C6D025870115}
	EndGlobalSection
EndGlobal
